<?xml version="1.0" encoding="utf-8"?>
<Project ToolsVersion="4.0" xmlns="http://schemas.microsoft.com/developer/msbuild/2003">
  <ItemGroup>
    <Filter Include="源文件">
      <UniqueIdentifier>{4FC737F1-C7A5-4376-A066-2A32D752A2FF}</UniqueIdentifier>
      <Extensions>cpp;c;cc;cxx;c++;cppm;ixx;def;odl;idl;hpj;bat;asm;asmx</Extensions>
    </Filter>
    <Filter Include="头文件">
      <UniqueIdentifier>{93995380-89BD-4b04-88EB-625FBE52EBFB}</UniqueIdentifier>
      <Extensions>h;hh;hpp;hxx;h++;hm;inl;inc;ipp;xsd</Extensions>
    </Filter>
    <Filter Include="资源文件">
      <UniqueIdentifier>{67DA6AB6-F800-4c08-8B7A-83BB121AAD01}</UniqueIdentifier>
      <Extensions>rc;ico;cur;bmp;dlg;rc2;rct;bin;rgs;gif;jpg;jpeg;jpe;resx;tiff;tif;png;wav;mfcribbon-ms</Extensions>
    </Filter>
    <Filter Include="源文件\根基">
      <UniqueIdentifier>{40e12a8f-18ee-4d6e-9fab-fe8a83d61352}</UniqueIdentifier>
    </Filter>
    <Filter Include="头文件\根基">
      <UniqueIdentifier>{9c03b229-b021-4d80-b95d-b5f2e99ff61b}</UniqueIdentifier>
    </Filter>
    <Filter Include="头文件\高级类">
      <UniqueIdentifier>{7c8a94a3-7d28-465c-9588-076b8ffd3bef}</UniqueIdentifier>
    </Filter>
    <Filter Include="源文件\高级类">
      <UniqueIdentifier>{728cef20-c8d2-47c2-b8bb-182880923e65}</UniqueIdentifier>
    </Filter>
    <Filter Include="头文件\数据库">
      <UniqueIdentifier>{79825e88-2d4c-4a75-9963-449ac8ddd96f}</UniqueIdentifier>
    </Filter>
    <Filter Include="头文件\数据库\角色">
      <UniqueIdentifier>{efdf423b-eef8-40a8-9cde-e57933c2115a}</UniqueIdentifier>
    </Filter>
    <Filter Include="头文件\数据库\角色\岩">
      <UniqueIdentifier>{3eae29aa-f205-4947-9741-299b626bdde5}</UniqueIdentifier>
    </Filter>
  </ItemGroup>
  <ItemGroup>
    <ClInclude Include="Core.h">
      <Filter>头文件</Filter>
    </ClInclude>
    <ClInclude Include="Buff.h">
      <Filter>头文件\高级类</Filter>
    </ClInclude>
    <ClInclude Include="Artifact.h">
      <Filter>头文件\高级类</Filter>
    </ClInclude>
    <ClInclude Include="Character.h">
      <Filter>头文件\高级类</Filter>
    </ClInclude>
    <ClInclude Include="Weapon.h">
      <Filter>头文件\高级类</Filter>
    </ClInclude>
    <ClInclude Include="Damage.h">
      <Filter>头文件\高级类</Filter>
    </ClInclude>
    <ClInclude Include="Enum.h">
      <Filter>头文件\根基</Filter>
    </ClInclude>
    <ClInclude Include="Attr.h">
      <Filter>头文件\根基</Filter>
    </ClInclude>
    <ClInclude Include="BaseObject.h">
      <Filter>头文件\根基</Filter>
    </ClInclude>
    <ClInclude Include="Role.h">
      <Filter>头文件</Filter>
    </ClInclude>
    <ClInclude Include="DB\Role\Land\诺艾尔.h">
      <Filter>头文件\数据库\角色\岩</Filter>
    </ClInclude>
  </ItemGroup>
  <ItemGroup>
    <ClCompile Include="Core.cpp">
      <Filter>源文件</Filter>
    </ClCompile>
    <ClCompile Include="main.cpp">
      <Filter>源文件</Filter>
    </ClCompile>
    <ClCompile Include="Attr.cpp">
      <Filter>源文件\根基</Filter>
    </ClCompile>
    <ClCompile Include="BaseObject.cpp">
      <Filter>源文件\根基</Filter>
    </ClCompile>
    <ClCompile Include="Buff.cpp">
      <Filter>源文件\高级类</Filter>
    </ClCompile>
    <ClCompile Include="Artifact.cpp">
      <Filter>源文件\高级类</Filter>
    </ClCompile>
    <ClCompile Include="Character.cpp">
      <Filter>源文件\高级类</Filter>
    </ClCompile>
    <ClCompile Include="Weapon.cpp">
      <Filter>源文件\高级类</Filter>
    </ClCompile>
    <ClCompile Include="Enum.cpp">
      <Filter>源文件\根基</Filter>
    </ClCompile>
    <ClCompile Include="Damage.cpp">
      <Filter>源文件\高级类</Filter>
    </ClCompile>
    <ClCompile Include="Role.cpp">
      <Filter>源文件</Filter>
    </ClCompile>
    <ClCompile Include="DB\Role\Land\诺艾尔.cpp">
      <Filter>源文件</Filter>
    </ClCompile>
  </ItemGroup>
</Project>